// !$*UTF8*$!
{
	archiveVersion = 1;
	classes = {
	};
	objectVersion = 46;
	objects = {

/* Begin PBXBuildFile section */
		312836601DE1A3F90010669D /* main.m in Sources */ = {isa = PBXBuildFile; fileRef = 3128365F1DE1A3F90010669D /* main.m */; };
		312836631DE1A3F90010669D /* AppDelegate.m in Sources */ = {isa = PBXBuildFile; fileRef = 312836621DE1A3F90010669D /* AppDelegate.m */; };
		312836661DE1A3F90010669D /* ViewController.m in Sources */ = {isa = PBXBuildFile; fileRef = 312836651DE1A3F90010669D /* ViewController.m */; };
		312836691DE1A3F90010669D /* Main.storyboard in Resources */ = {isa = PBXBuildFile; fileRef = 312836671DE1A3F90010669D /* Main.storyboard */; };
		3128366B1DE1A3F90010669D /* Assets.xcassets in Resources */ = {isa = PBXBuildFile; fileRef = 3128366A1DE1A3F90010669D /* Assets.xcassets */; };
		3128366E1DE1A3F90010669D /* LaunchScreen.storyboard in Resources */ = {isa = PBXBuildFile; fileRef = 3128366C1DE1A3F90010669D /* LaunchScreen.storyboard */; };
/* End PBXBuildFile section */

/* Begin PBXFileReference section */
		3128365B1DE1A3F90010669D /* ArraySort.app */ = {isa = PBXFileReference; explicitFileType = wrapper.application; includeInIndex = 0; path = ArraySort.app; sourceTree = BUILT_PRODUCTS_DIR; };
		3128365F1DE1A3F90010669D /* main.m */ = {isa = PBXFileReference; lastKnownFileType = sourcecode.c.objc; path = main.m; sourceTree = "<group>"; };
		312836611DE1A3F90010669D /* AppDelegate.h */ = {isa = PBXFileReference; lastKnownFileType = sourcecode.c.h; path = AppDelegate.h; sourceTree = "<group>"; };
		312836621DE1A3F90010669D /* AppDelegate.m */ = {isa = PBXFileReference; lastKnownFileType = sourcecode.c.objc; path = AppDelegate.m; sourceTree = "<group>"; };
		312836641DE1A3F90010669D /* ViewController.h */ = {isa = PBXFileReference; lastKnownFileType = sourcecode.c.h; path = ViewController.h; sourceTree = "<group>"; };
		312836651DE1A3F90010669D /* ViewController.m */ = {isa = PBXFileReference; lastKnownFileType = sourcecode.c.objc; path = ViewController.m; sourceTree = "<group>"; };
		312836681DE1A3F90010669D /* Base */ = {isa = PBXFileReference; lastKnownFileType = file.storyboard; name = Base; path = Base.lproj/Main.storyboard; sourceTree = "<group>"; };
		3128366A1DE1A3F90010669D /* Assets.xcassets */ = {isa = PBXFileReference; lastKnownFileType = folder.assetcatalog; path = Assets.xcassets; sourceTree = "<group>"; };
		3128366D1DE1A3F90010669D /* Base */ = {isa = PBXFileReference; lastKnownFileType = file.storyboard; name = Base; path = Base.lproj/LaunchScreen.storyboard; sourceTree = "<group>"; };
		3128366F1DE1A3F90010669D /* Info.plist */ = {isa = PBXFileReference; lastKnownFileType = text.plist.xml; path = Info.plist; sourceTree = "<group>"; };
/* End PBXFileReference section */

/* Begin PBXFrameworksBuildPhase section */
		312836581DE1A3F90010669D /* Frameworks */ = {
			isa = PBXFrameworksBuildPhase;
			buildActionMask = 2147483647;
			files = (
			);
			runOnlyForDeploymentPostprocessing = 0;
		};
/* End PBXFrameworksBuildPhase section */

/* Begin PBXGroup section */
		312836521DE1A3F90010669D = {
			isa = PBXGroup;
			children = (
				3128365D1DE1A3F90010669D /* ArraySort */,
				3128365C1DE1A3F90010669D /* Products */,
			);
			sourceTree = "<group>";
		};
		3128365C1DE1A3F90010669D /* Products */ = {
			isa = PBXGroup;
			children = (
				3128365B1DE1A3F90010669D /* ArraySort.app */,
			);
			name = Products;
			sourceTree = "<group>";
		};
		3128365D1DE1A3F90010669D /* ArraySort */ = {
			isa = PBXGroup;
			children = (
				312836611DE1A3F90010669D /* AppDelegate.h */,
				312836621DE1A3F90010669D /* AppDelegate.m */,
				312836641DE1A3F90010669D /* ViewController.h */,
				312836651DE1A3F90010669D /* ViewController.m */,
				312836671DE1A3F90010669D /* Main.storyboard */,
				3128366A1DE1A3F90010669D /* Assets.xcassets */,
				3128366C1DE1A3F90010669D /* LaunchScreen.storyboard */,
				3128366F1DE1A3F90010669D /* Info.plist */,
				3128365E1DE1A3F90010669D /* Supporting Files */,
			);
			path = ArraySort;
			sourceTree = "<group>";
		};
		3128365E1DE1A3F90010669D /* Supporting Files */ = {
			isa = PBXGroup;
			children = (
				3128365F1DE1A3F90010669D /* main.m */,
			);
			name = "Supporting Files";
			sourceTree = "<group>";
		};
/* End PBXGroup section */

/* Begin PBXNativeTarget section */
		3128365A1DE1A3F90010669D /* ArraySort */ = {
			isa = PBXNativeTarget;
			buildConfigurationList = 312836721DE1A3F90010669D /* Build configuration list for PBXNativeTarget "ArraySort" */;
			buildPhases = (
				312836571DE1A3F90010669D /* Sources */,
				312836581DE1A3F90010669D /* Frameworks */,
				312836591DE1A3F90010669D /* Resources */,
			);
			buildRules = (
			);
			dependencies = (
			);
			name = ArraySort;
			productName = ArraySort;
			productReference = 3128365B1DE1A3F90010669D /* ArraySort.app */;
			productType = "com.apple.product-type.application";
		};
/* End PBXNativeTarget section */

/* Begin PBXProject section */
		312836531DE1A3F90010669D /* Project object */ = {
			isa = PBXProject;
			attributes = {
				LastUpgradeCheck = 0810;
				ORGANIZATIONNAME = ys;
				TargetAttributes = {
					3128365A1DE1A3F90010669D = {
						CreatedOnToolsVersion = 8.1;
						DevelopmentTeam = VCPZ2HFR86;
						ProvisioningStyle = Automatic;
					};
				};
			};
			buildConfigurationList = 312836561DE1A3F90010669D /* Build configuration list for PBXProject "ArraySort" */;
			compatibilityVersion = "Xcode 3.2";
			developmentRegion = English;
			hasScannedForEncodings = 0;
			knownRegions = (
				en,
				Base,
			);
			mainGroup = 312836521DE1A3F90010669D;
			productRefGroup = 3128365C1DE1A3F90010669D /* Products */;
			projectDirPath = "";
			projectRoot = "";
			targets = (
				3128365A1DE1A3F90010669D /* ArraySort */,
			);
		};
/* End PBXProject section */

/* Begin PBXResourcesBuildPhase section */
		312836591DE1A3F90010669D /* Resources */ = {
			isa = PBXResourcesBuildPhase;
			buildActionMask = 2147483647;
			files = (
				3128366E1DE1A3F90010669D /* LaunchScreen.storyboard in Resources */,
				3128366B1DE1A3F90010669D /* Assets.xcassets in Resources */,
				312836691DE1A3F90010669D /* Main.storyboard in Resources */,
			);
			runOnlyForDeploymentPostprocessing = 0;
		};
/* End PBXResourcesBuildPhase section */

/* Begin PBXSourcesBuildPhase section */
		312836571DE1A3F90010669D /* Sources */ = {
			isa = PBXSourcesBuildPhase;
			buildActionMask = 2147483647;
			files = (
				312836661DE1A3F90010669D /* ViewController.m in Sources */,
				312836631DE1A3F90010669D /* AppDelegate.m in Sources */,
				312836601DE1A3F90010669D /* main.m in Sources */,
			);
			runOnlyForDeploymentPostprocessing = 0;
		};
/* End PBXSourcesBuildPhase section */

/* Begin PBXVariantGroup section */
		312836671DE1A3F90010669D /* Main.storyboard */ = {
			isa = PBXVariantGroup;
			children = (
				312836681DE1A3F90010669D /* Base */,
			);
			name = Main.storyboard;
			sourceTree = "<group>";
		};
		3128366C1DE1A3F90010669D /* LaunchScreen.storyboard */ = {
			isa = PBXVariantGroup;
			children = (
				3128366D1DE1A3F90010669D /* Base */,
			);
			name = LaunchScreen.storyboard;
			sourceTree = "<group>";
		};
/* End PBXVariantGroup section */

/* Begin XCBuildConfiguration section */
		312836701DE1A3F90010669D /* Debug */ = {
			isa = XCBuildConfiguration;
			buildSettings = {
				ALWAYS_SEARCH_USER_PATHS = NO;
				CLANG_ANALYZER_NONNULL = YES;
				CLANG_CXX_LANGUAGE_STANDARD = "gnu++0x";
				CLANG_CXX_LIBRARY = "libc++";
				CLANG_ENABLE_MODULES = YES;
				CLANG_ENABLE_OBJC_ARC = YES;
				CLANG_WARN_BOOL_CONVERSION = YES;
				CLANG_WARN_CONSTANT_CONVERSION = YES;
				CLANG_WARN_DIRECT_OBJC_ISA_USAGE = YES_ERROR;
				CLANG_WARN_DOCUMENTATION_COMMENTS = YES;
				CLANG_WARN_EMPTY_BODY = YES;
				CLANG_WARN_ENUM_CONVERSION = YES;
				CLANG_WARN_INFINITE_RECURSION = YES;
				CLANG_WARN_INT_CONVERSION = YES;
				CLANG_WARN_OBJC_ROOT_CLASS = YES_ERROR;
				CLANG_WARN_SUSPICIOUS_MOVES = YES;
				CLANG_WARN_UNREACHABLE_CODE = YES;
				CLANG_WARN__DUPLICATE_METHOD_MATCH = YES;
				"CODE_SIGN_IDENTITY[sdk=iphoneos*]" = "iPhone Developer";
				COPY_PHASE_STRIP = NO;
				DEBUG_INFORMATION_FORMAT = dwarf;
				ENABLE_STRICT_OBJC_MSGSEND = YES;
				ENABLE_TESTABILITY = YES;
				GCC_C_LANGUAGE_STANDARD = gnu99;
				GCC_DYNAMIC_NO_PIC = NO;
				GCC_NO_COMMON_BLOCKS = YES;
				GCC_OPTIMIZATION_LEVEL = 0;
				GCC_PREPROCESSOR_DEFINITIONS = (
					"DEBUG=1",
					"$(inherited)",
				);
				GCC_WARN_64_TO_32_BIT_CONVERSION = YES;
				GCC_WARN_ABOUT_RETURN_TYPE = YES_ERROR;
				GCC_WARN_UNDECLARED_SELECTOR = YES;
				GCC_WARN_UNINITIALIZED_AUTOS = YES_AGGRESSIVE;
				GCC_WARN_UNUSED_FUNCTION = YES;
				GCC_WARN_UNUSED_VARIABLE = YES;
				IPHONEOS_DEPLOYMENT_TARGET = 10.1;
				MTL_ENABLE_DEBUG_INFO = YES;
				ONLY_ACTIVE_ARCH = YES;
				SDKROOT = iphoneos;
			};
			name = Debug;
		};
		312836711DE1A3F90010669D /* Release */ = {
			isa = XCBuildConfiguration;
			buildSettings = {
				ALWAYS_SEARCH_USER_PATHS = NO;
				CLANG_ANALYZER_NONNULL = YES;
				CLANG_CXX_LANGUAGE_STANDARD = "gnu++0x";
				CLANG_CXX_LIBRARY = "libc++";
				CLANG_ENABLE_MODULES = YES;
				CLANG_ENABLE_OBJC_ARC = YES;
				CLANG_WARN_BOOL_CONVERSION = YES;
				CLANG_WARN_CONSTANT_CONVERSION = YES;
				CLANG_WARN_DIRECT_OBJC_ISA_USAGE = YES_ERROR;
				CLANG_WARN_DOCUMENTATION_COMMENTS = YES;
				CLANG_WARN_EMPTY_BODY = YES;
				CLANG_WARN_ENUM_CONVERSION = YES;
				CLANG_WARN_INFINITE_RECURSION = YES;
				CLANG_WARN_INT_CONVERSION = YES;
				CLANG_WARN_OBJC_ROOT_CLASS = YES_ERROR;
				CLANG_WARN_SUSPICIOUS_MOVES = YES;
				CLANG_WARN_UNREACHABLE_CODE = YES;
				CLANG_WARN__DUPLICATE_METHOD_MATCH = YES;
				"CODE_SIGN_IDENTITY[sdk=iphoneos*]" = "iPhone Developer";
				COPY_PHASE_STRIP = NO;
				DEBUG_INFORMATION_FORMAT = "dwarf-with-dsym";
				ENABLE_NS_ASSERTIONS = NO;
				ENABLE_STRICT_OBJC_MSGSEND = YES;
				GCC_C_LANGUAGE_STANDARD = gnu99;
				GCC_NO_COMMON_BLOCKS = YES;
				GCC_WARN_64_TO_32_BIT_CONVERSION = YES;
				GCC_WARN_ABOUT_RETURN_TYPE = YES_ERROR;
				GCC_WARN_UNDECLARED_SELECTOR = YES;
				GCC_WARN_UNINITIALIZED_AUTOS = YES_AGGRESSIVE;
				GCC_WARN_UNUSED_FUNCTION = YES;
				GCC_WARN_UNUSED_VARIABLE = YES;
				IPHONEOS_DEPLOYMENT_TARGET = 10.1;
				MTL_ENABLE_DEBUG_INFO = NO;
				SDKROOT = iphoneos;
				VALIDATE_PRODUCT = YES;
			};
			name = Release;
		};
		312836731DE1A3F90010669D /* Debug */ = {
			isa = XCBuildConfiguration;
			buildSettings = {
				ASSETCATALOG_COMPILER_APPICON_NAME = AppIcon;
				DEVELOPMENT_TEAM = VCPZ2HFR86;
				INFOPLIST_FILE = ArraySort/Info.plist;
				LD_RUNPATH_SEARCH_PATHS = "$(inherited) @executable_path/Frameworks";
				PRODUCT_BUNDLE_IDENTIFIER = cn.yss.ArraySort;
				PRODUCT_NAME = "$(TARGET_NAME)";
			};
			name = Debug;
		};
		312836741DE1A3F90010669D /* Release */ = {
			isa = XCBuildConfiguration;
			buildSettings = {
				ASSETCATALOG_COMPILER_APPICON_NAME = AppIcon;
				DEVELOPMENT_TEAM = VCPZ2HFR86;
				INFOPLIST_FILE = ArraySort/Info.plist;
				LD_RUNPATH_SEARCH_PATHS = "$(inherited) @executable_path/Frameworks";
				PRODUCT_BUNDLE_IDENTIFIER = cn.yss.ArraySort;
				PRODUCT_NAME = "$(TARGET_NAME)";
			};
			name = Release;
		};
/* End XCBuildConfiguration section */

/* Begin XCConfigurationList section */
		312836561DE1A3F90010669D /* Build configuration list for PBXProject "ArraySort" */ = {
			isa = XCConfigurationList;
			buildConfigurations = (
				312836701DE1A3F90010669D /* Debug */,
				312836711DE1A3F90010669D /* Release */,
			);
			defaultConfigurationIsVisible = 0;
			defaultConfigurationName = Release;
		};
		312836721DE1A3F90010669D /* Build configuration list for PBXNativeTarget "ArraySort" */ = {
			isa = XCConfigurationList;
			buildConfigurations = (
				312836731DE1A3F90010669D /* Debug */,
				312836741DE1A3F90010669D /* Release */,
			);
			defaultConfigurationIsVisible = 0;
		};
/* End XCConfigurationList section */
	};
	rootObject = 312836531DE1A3F90010669D /* Project object */;
}
